// !$*UTF8*$!
{
	archiveVersion = 1;
	classes = {
	};
	objectVersion = 46;
	objects = {

/* Begin PBXBuildFile section */
		8CBCA3A01E89D8F80038C206 /* AppDelegate.swift in Sources */ = {isa = PBXBuildFile; fileRef = 8CBCA39F1E89D8F80038C206 /* AppDelegate.swift */; };
		8CBCA3A71E89D8F80038C206 /* Assets.xcassets in Resources */ = {isa = PBXBuildFile; fileRef = 8CBCA3A61E89D8F80038C206 /* Assets.xcassets */; };
		8CBCA3AA1E89D8F80038C206 /* LaunchScreen.storyboard in Resources */ = {isa = PBXBuildFile; fileRef = 8CBCA3A81E89D8F80038C206 /* LaunchScreen.storyboard */; };
		8CBCA3B21E89DA680038C206 /* MatchupsViewController.swift in Sources */ = {isa = PBXBuildFile; fileRef = 8CBCA3B11E89DA680038C206 /* MatchupsViewController.swift */; };
		8CBCA3B41E89DC030038C206 /* CardView.swift in Sources */ = {isa = PBXBuildFile; fileRef = 8CBCA3B31E89DC030038C206 /* CardView.swift */; };
		8CBCA3B61E89DFE90038C206 /* API.swift in Sources */ = {isa = PBXBuildFile; fileRef = 8CBCA3B51E89DFE90038C206 /* API.swift */; };
/* End PBXBuildFile section */

/* Begin PBXFileReference section */
		8CBCA39C1E89D8F80038C206 /* Lecture 6.app */ = {isa = PBXFileReference; explicitFileType = wrapper.application; includeInIndex = 0; path = "Lecture 6.app"; sourceTree = BUILT_PRODUCTS_DIR; };
		8CBCA39F1E89D8F80038C206 /* AppDelegate.swift */ = {isa = PBXFileReference; lastKnownFileType = sourcecode.swift; path = AppDelegate.swift; sourceTree = "<group>"; };
		8CBCA3A61E89D8F80038C206 /* Assets.xcassets */ = {isa = PBXFileReference; lastKnownFileType = folder.assetcatalog; path = Assets.xcassets; sourceTree = "<group>"; };
		8CBCA3A91E89D8F80038C206 /* Base */ = {isa = PBXFileReference; lastKnownFileType = file.storyboard; name = Base; path = Base.lproj/LaunchScreen.storyboard; sourceTree = "<group>"; };
		8CBCA3AB1E89D8F80038C206 /* Info.plist */ = {isa = PBXFileReference; lastKnownFileType = text.plist.xml; path = Info.plist; sourceTree = "<group>"; };
		8CBCA3B11E89DA680038C206 /* MatchupsViewController.swift */ = {isa = PBXFileReference; fileEncoding = 4; lastKnownFileType = sourcecode.swift; name = MatchupsViewController.swift; path = ../MatchupsViewController.swift; sourceTree = "<group>"; };
		8CBCA3B31E89DC030038C206 /* CardView.swift */ = {isa = PBXFileReference; fileEncoding = 4; lastKnownFileType = sourcecode.swift; path = CardView.swift; sourceTree = "<group>"; };
		8CBCA3B51E89DFE90038C206 /* API.swift */ = {isa = PBXFileReference; fileEncoding = 4; lastKnownFileType = sourcecode.swift; path = API.swift; sourceTree = "<group>"; };
/* End PBXFileReference section */

/* Begin PBXFrameworksBuildPhase section */
		8CBCA3991E89D8F70038C206 /* Frameworks */ = {
			isa = PBXFrameworksBuildPhase;
			buildActionMask = 2147483647;
			files = (
			);
			runOnlyForDeploymentPostprocessing = 0;
		};
/* End PBXFrameworksBuildPhase section */

/* Begin PBXGroup section */
		8CBCA3931E89D8F70038C206 = {
			isa = PBXGroup;
			children = (
				8CBCA39E1E89D8F80038C206 /* Lecture 6 */,
				8CBCA39D1E89D8F80038C206 /* Products */,
			);
			sourceTree = "<group>";
		};
		8CBCA39D1E89D8F80038C206 /* Products */ = {
			isa = PBXGroup;
			children = (
				8CBCA39C1E89D8F80038C206 /* Lecture 6.app */,
			);
			name = Products;
			sourceTree = "<group>";
		};
		8CBCA39E1E89D8F80038C206 /* Lecture 6 */ = {
			isa = PBXGroup;
			children = (
				8CBCA39F1E89D8F80038C206 /* AppDelegate.swift */,
				8CBCA3B11E89DA680038C206 /* MatchupsViewController.swift */,
				8CBCA3B51E89DFE90038C206 /* API.swift */,
				8CBCA3B31E89DC030038C206 /* CardView.swift */,
				8CBCA3A61E89D8F80038C206 /* Assets.xcassets */,
				8CBCA3A81E89D8F80038C206 /* LaunchScreen.storyboard */,
				8CBCA3AB1E89D8F80038C206 /* Info.plist */,
			);
			path = "Lecture 6";
			sourceTree = "<group>";
		};
/* End PBXGroup section */

/* Begin PBXNativeTarget section */
		8CBCA39B1E89D8F70038C206 /* Lecture 6 */ = {
			isa = PBXNativeTarget;
			buildConfigurationList = 8CBCA3AE1E89D8F80038C206 /* Build configuration list for PBXNativeTarget "Lecture 6" */;
			buildPhases = (
				8CBCA3981E89D8F70038C206 /* Sources */,
				8CBCA3991E89D8F70038C206 /* Frameworks */,
				8CBCA39A1E89D8F70038C206 /* Resources */,
			);
			buildRules = (
			);
			dependencies = (
			);
			name = "Lecture 6";
			productName = "Lecture 6";
			productReference = 8CBCA39C1E89D8F80038C206 /* Lecture 6.app */;
			productType = "com.apple.product-type.application";
		};
/* End PBXNativeTarget section */

/* Begin PBXProject section */
		8CBCA3941E89D8F70038C206 /* Project object */ = {
			isa = PBXProject;
			attributes = {
				LastSwiftUpdateCheck = 0820;
				LastUpgradeCheck = 0820;
				ORGANIZATIONNAME = "Caitlin Stanton";
				TargetAttributes = {
					8CBCA39B1E89D8F70038C206 = {
						CreatedOnToolsVersion = 8.2.1;
						ProvisioningStyle = Automatic;
					};
				};
			};
			buildConfigurationList = 8CBCA3971E89D8F70038C206 /* Build configuration list for PBXProject "Lecture 6" */;
			compatibilityVersion = "Xcode 3.2";
			developmentRegion = English;
			hasScannedForEncodings = 0;
			knownRegions = (
				en,
				Base,
			);
			mainGroup = 8CBCA3931E89D8F70038C206;
			productRefGroup = 8CBCA39D1E89D8F80038C206 /* Products */;
			projectDirPath = "";
			projectRoot = "";
			targets = (
				8CBCA39B1E89D8F70038C206 /* Lecture 6 */,
			);
		};
/* End PBXProject section */

/* Begin PBXResourcesBuildPhase section */
		8CBCA39A1E89D8F70038C206 /* Resources */ = {
			isa = PBXResourcesBuildPhase;
			buildActionMask = 2147483647;
			files = (
				8CBCA3AA1E89D8F80038C206 /* LaunchScreen.storyboard in Resources */,
				8CBCA3A71E89D8F80038C206 /* Assets.xcassets in Resources */,
			);
			runOnlyForDeploymentPostprocessing = 0;
		};
/* End PBXResourcesBuildPhase section */

/* Begin PBXSourcesBuildPhase section */
		8CBCA3981E89D8F70038C206 /* Sources */ = {
			isa = PBXSourcesBuildPhase;
			buildActionMask = 2147483647;
			files = (
				8CBCA3A01E89D8F80038C206 /* AppDelegate.swift in Sources */,
				8CBCA3B41E89DC030038C206 /* CardView.swift in Sources */,
				8CBCA3B61E89DFE90038C206 /* API.swift in Sources */,
				8CBCA3B21E89DA680038C206 /* MatchupsViewController.swift in Sources */,
			);
			runOnlyForDeploymentPostprocessing = 0;
		};
/* End PBXSourcesBuildPhase section */

/* Begin PBXVariantGroup section */
		8CBCA3A81E89D8F80038C206 /* LaunchScreen.storyboard */ = {
			isa = PBXVariantGroup;
			children = (
				8CBCA3A91E89D8F80038C206 /* Base */,
			);
			name = LaunchScreen.storyboard;
			sourceTree = "<group>";
		};
/* End PBXVariantGroup section */

/* Begin XCBuildConfiguration section */
		8CBCA3AC1E89D8F80038C206 /* Debug */ = {
			isa = XCBuildConfiguration;
			buildSettings = {
				ALWAYS_SEARCH_USER_PATHS = NO;
				CLANG_ANALYZER_NONNULL = YES;
				CLANG_CXX_LANGUAGE_STANDARD = "gnu++0x";
				CLANG_CXX_LIBRARY = "libc++";
				CLANG_ENABLE_MODULES = YES;
				CLANG_ENABLE_OBJC_ARC = YES;
				CLANG_WARN_BOOL_CONVERSION = YES;
				CLANG_WARN_CONSTANT_CONVERSION = YES;
				CLANG_WARN_DIRECT_OBJC_ISA_USAGE = YES_ERROR;
				CLANG_WARN_DOCUMENTATION_COMMENTS = YES;
				CLANG_WARN_EMPTY_BODY = YES;
				CLANG_WARN_ENUM_CONVERSION = YES;
				CLANG_WARN_INFINITE_RECURSION = YES;
				CLANG_WARN_INT_CONVERSION = YES;
				CLANG_WARN_OBJC_ROOT_CLASS = YES_ERROR;
				CLANG_WARN_SUSPICIOUS_MOVE = YES;
				CLANG_WARN_UNREACHABLE_CODE = YES;
				CLANG_WARN__DUPLICATE_METHOD_MATCH = YES;
				"CODE_SIGN_IDENTITY[sdk=iphoneos*]" = "iPhone Developer";
				COPY_PHASE_STRIP = NO;
				DEBUG_INFORMATION_FORMAT = dwarf;
				ENABLE_STRICT_OBJC_MSGSEND = YES;
				ENABLE_TESTABILITY = YES;
				GCC_C_LANGUAGE_STANDARD = gnu99;
				GCC_DYNAMIC_NO_PIC = NO;
				GCC_NO_COMMON_BLOCKS = YES;
				GCC_OPTIMIZATION_LEVEL = 0;
				GCC_PREPROCESSOR_DEFINITIONS = (
					"DEBUG=1",
					"$(inherited)",
				);
				GCC_WARN_64_TO_32_BIT_CONVERSION = YES;
				GCC_WARN_ABOUT_RETURN_TYPE = YES_ERROR;
				GCC_WARN_UNDECLARED_SELECTOR = YES;
				GCC_WARN_UNINITIALIZED_AUTOS = YES_AGGRESSIVE;
				GCC_WARN_UNUSED_FUNCTION = YES;
				GCC_WARN_UNUSED_VARIABLE = YES;
				IPHONEOS_DEPLOYMENT_TARGET = 10.2;
				MTL_ENABLE_DEBUG_INFO = YES;
				ONLY_ACTIVE_ARCH = YES;
				SDKROOT = iphoneos;
				SWIFT_ACTIVE_COMPILATION_CONDITIONS = DEBUG;
				SWIFT_OPTIMIZATION_LEVEL = "-Onone";
			};
			name = Debug;
		};
		8CBCA3AD1E89D8F80038C206 /* Release */ = {
			isa = XCBuildConfiguration;
			buildSettings = {
				ALWAYS_SEARCH_USER_PATHS = NO;
				CLANG_ANALYZER_NONNULL = YES;
				CLANG_CXX_LANGUAGE_STANDARD = "gnu++0x";
				CLANG_CXX_LIBRARY = "libc++";
				CLANG_ENABLE_MODULES = YES;
				CLANG_ENABLE_OBJC_ARC = YES;
				CLANG_WARN_BOOL_CONVERSION = YES;
				CLANG_WARN_CONSTANT_CONVERSION = YES;
				CLANG_WARN_DIRECT_OBJC_ISA_USAGE = YES_ERROR;
				CLANG_WARN_DOCUMENTATION_COMMENTS = YES;
				CLANG_WARN_EMPTY_BODY = YES;
				CLANG_WARN_ENUM_CONVERSION = YES;
				CLANG_WARN_INFINITE_RECURSION = YES;
				CLANG_WARN_INT_CONVERSION = YES;
				CLANG_WARN_OBJC_ROOT_CLASS = YES_ERROR;
				CLANG_WARN_SUSPICIOUS_MOVE = YES;
				CLANG_WARN_UNREACHABLE_CODE = YES;
				CLANG_WARN__DUPLICATE_METHOD_MATCH = YES;
				"CODE_SIGN_IDENTITY[sdk=iphoneos*]" = "iPhone Developer";
				COPY_PHASE_STRIP = NO;
				DEBUG_INFORMATION_FORMAT = "dwarf-with-dsym";
				ENABLE_NS_ASSERTIONS = NO;
				ENABLE_STRICT_OBJC_MSGSEND = YES;
				GCC_C_LANGUAGE_STANDARD = gnu99;
				GCC_NO_COMMON_BLOCKS = YES;
				GCC_WARN_64_TO_32_BIT_CONVERSION = YES;
				GCC_WARN_ABOUT_RETURN_TYPE = YES_ERROR;
				GCC_WARN_UNDECLARED_SELECTOR = YES;
				GCC_WARN_UNINITIALIZED_AUTOS = YES_AGGRESSIVE;
				GCC_WARN_UNUSED_FUNCTION = YES;
				GCC_WARN_UNUSED_VARIABLE = YES;
				IPHONEOS_DEPLOYMENT_TARGET = 10.2;
				MTL_ENABLE_DEBUG_INFO = NO;
				SDKROOT = iphoneos;
				SWIFT_OPTIMIZATION_LEVEL = "-Owholemodule";
				VALIDATE_PRODUCT = YES;
			};
			name = Release;
		};
		8CBCA3AF1E89D8F80038C206 /* Debug */ = {
			isa = XCBuildConfiguration;
			buildSettings = {
				ASSETCATALOG_COMPILER_APPICON_NAME = AppIcon;
				INFOPLIST_FILE = "Lecture 6/Info.plist";
				LD_RUNPATH_SEARCH_PATHS = "$(inherited) @executable_path/Frameworks";
				PRODUCT_BUNDLE_IDENTIFIER = "com.caitlinstanton.Lecture-6";
				PRODUCT_NAME = "$(TARGET_NAME)";
				SWIFT_VERSION = 3.0;
			};
			name = Debug;
		};
		8CBCA3B01E89D8F80038C206 /* Release */ = {
			isa = XCBuildConfiguration;
			buildSettings = {
				ASSETCATALOG_COMPILER_APPICON_NAME = AppIcon;
				INFOPLIST_FILE = "Lecture 6/Info.plist";
				LD_RUNPATH_SEARCH_PATHS = "$(inherited) @executable_path/Frameworks";
				PRODUCT_BUNDLE_IDENTIFIER = "com.caitlinstanton.Lecture-6";
				PRODUCT_NAME = "$(TARGET_NAME)";
				SWIFT_VERSION = 3.0;
			};
			name = Release;
		};
/* End XCBuildConfiguration section */

/* Begin XCConfigurationList section */
		8CBCA3971E89D8F70038C206 /* Build configuration list for PBXProject "Lecture 6" */ = {
			isa = XCConfigurationList;
			buildConfigurations = (
				8CBCA3AC1E89D8F80038C206 /* Debug */,
				8CBCA3AD1E89D8F80038C206 /* Release */,
			);
			defaultConfigurationIsVisible = 0;
			defaultConfigurationName = Release;
		};
		8CBCA3AE1E89D8F80038C206 /* Build configuration list for PBXNativeTarget "Lecture 6" */ = {
			isa = XCConfigurationList;
			buildConfigurations = (
				8CBCA3AF1E89D8F80038C206 /* Debug */,
				8CBCA3B01E89D8F80038C206 /* Release */,
			);
			defaultConfigurationIsVisible = 0;
		};
/* End XCConfigurationList section */
	};
	rootObject = 8CBCA3941E89D8F70038C206 /* Project object */;
}
